
Microsoft Visual Studio Solution File, Format Version 12.00
# Visual Studio Version 16
VisualStudioVersion = 16.0.33927.289
MinimumVisualStudioVersion = 10.0.40219.1
Project("{9A19103F-16F7-4668-BE54-9A1E7A4F7556}") = "WebAPI", "WebAPI\WebAPI.csproj", "{F3E7D88F-41C4-47A7-AD68-FEE5650441E4}"
EndProject
Project("{9A19103F-16F7-4668-BE54-9A1E7A4F7556}") = "Entities", "Entities\Entities.csproj", "{7E573847-FC55-4497-84B9-F72FA4F7C03F}"
EndProject
Project("{9A19103F-16F7-4668-BE54-9A1E7A4F7556}") = "Contracts", "Contracts\Contracts.csproj", "{C6D37450-7FE9-4292-A4C7-C7692A64B062}"
EndProject
Project("{9A19103F-16F7-4668-BE54-9A1E7A4F7556}") = "Repository", "Repository\Repository.csproj", "{24AD8E15-2556-4630-89CF-0C2649CDCDC2}"
EndProject
Global
	GlobalSection(SolutionConfigurationPlatforms) = preSolution
		Debug|Any CPU = Debug|Any CPU
		Release|Any CPU = Release|Any CPU
	EndGlobalSection
	GlobalSection(ProjectConfigurationPlatforms) = postSolution
		{F3E7D88F-41C4-47A7-AD68-FEE5650441E4}.Debug|Any CPU.ActiveCfg = Debug|Any CPU
		{F3E7D88F-41C4-47A7-AD68-FEE5650441E4}.Debug|Any CPU.Build.0 = Debug|Any CPU
		{F3E7D88F-41C4-47A7-AD68-FEE5650441E4}.Release|Any CPU.ActiveCfg = Release|Any CPU
		{F3E7D88F-41C4-47A7-AD68-FEE5650441E4}.Release|Any CPU.Build.0 = Release|Any CPU
		{7E573847-FC55-4497-84B9-F72FA4F7C03F}.Debug|Any CPU.ActiveCfg = Debug|Any CPU
		{7E573847-FC55-4497-84B9-F72FA4F7C03F}.Debug|Any CPU.Build.0 = Debug|Any CPU
		{7E573847-FC55-4497-84B9-F72FA4F7C03F}.Release|Any CPU.ActiveCfg = Release|Any CPU
		{7E573847-FC55-4497-84B9-F72FA4F7C03F}.Release|Any CPU.Build.0 = Release|Any CPU
		{C6D37450-7FE9-4292-A4C7-C7692A64B062}.Debug|Any CPU.ActiveCfg = Debug|Any CPU
		{C6D37450-7FE9-4292-A4C7-C7692A64B062}.Debug|Any CPU.Build.0 = Debug|Any CPU
		{C6D37450-7FE9-4292-A4C7-C7692A64B062}.Release|Any CPU.ActiveCfg = Release|Any CPU
		{C6D37450-7FE9-4292-A4C7-C7692A64B062}.Release|Any CPU.Build.0 = Release|Any CPU
		{24AD8E15-2556-4630-89CF-0C2649CDCDC2}.Debug|Any CPU.ActiveCfg = Debug|Any CPU
		{24AD8E15-2556-4630-89CF-0C2649CDCDC2}.Debug|Any CPU.Build.0 = Debug|Any CPU
		{24AD8E15-2556-4630-89CF-0C2649CDCDC2}.Release|Any CPU.ActiveCfg = Release|Any CPU
		{24AD8E15-2556-4630-89CF-0C2649CDCDC2}.Release|Any CPU.Build.0 = Release|Any CPU
	EndGlobalSection
	GlobalSection(SolutionProperties) = preSolution
		HideSolutionNode = FALSE
	EndGlobalSection
	GlobalSection(ExtensibilityGlobals) = postSolution
		SolutionGuid = {1E2008AB-B323-4C14-93D8-A7C9666E63F9}
	EndGlobalSection
EndGlobal
